// !$*UTF8*$!
{
	archiveVersion = 1;
	classes = {
	};
	objectVersion = 46;
	objects = {

/* Begin PBXBuildFile section */
		AA0667131CE18E09008C7085 /* KJMenuView.m in Sources */ = {isa = PBXBuildFile; fileRef = AA0667121CE18E09008C7085 /* KJMenuView.m */; };
		AA16B3E11CDB360300B70BCC /* KJPerSon.m in Sources */ = {isa = PBXBuildFile; fileRef = AA16B3E01CDB360300B70BCC /* KJPerSon.m */; };
		AA16B3E51CDB3D5E00B70BCC /* UIScrollView+VGParallaxHeader.m in Sources */ = {isa = PBXBuildFile; fileRef = AA16B3E41CDB3D5E00B70BCC /* UIScrollView+VGParallaxHeader.m */; };
		AA16B3F01CDB3F2200B70BCC /* ALView+PureLayout.m in Sources */ = {isa = PBXBuildFile; fileRef = AA16B3E81CDB3F2200B70BCC /* ALView+PureLayout.m */; };
		AA16B3F11CDB3F2200B70BCC /* NSArray+PureLayout.m in Sources */ = {isa = PBXBuildFile; fileRef = AA16B3EA1CDB3F2200B70BCC /* NSArray+PureLayout.m */; };
		AA16B3F21CDB3F2200B70BCC /* NSLayoutConstraint+PureLayout.m in Sources */ = {isa = PBXBuildFile; fileRef = AA16B3EC1CDB3F2200B70BCC /* NSLayoutConstraint+PureLayout.m */; };
		AA16B3F51CDB431200B70BCC /* CTableViewCell.m in Sources */ = {isa = PBXBuildFile; fileRef = AA16B3F41CDB431200B70BCC /* CTableViewCell.m */; };
		AA16B3F81CDB489900B70BCC /* OrderModel.m in Sources */ = {isa = PBXBuildFile; fileRef = AA16B3F71CDB489900B70BCC /* OrderModel.m */; };
		AA1909D21CAE6414009B5DD9 /* ViewController.m in Sources */ = {isa = PBXBuildFile; fileRef = AA1909D11CAE6414009B5DD9 /* ViewController.m */; };
		AA1909DD1CAE7FF9009B5DD9 /* SVIndefiniteAnimatedView.m in Sources */ = {isa = PBXBuildFile; fileRef = AA1909D61CAE7FF9009B5DD9 /* SVIndefiniteAnimatedView.m */; };
		AA1909DE1CAE7FF9009B5DD9 /* SVProgressHUD.bundle in Resources */ = {isa = PBXBuildFile; fileRef = AA1909D81CAE7FF9009B5DD9 /* SVProgressHUD.bundle */; };
		AA1909DF1CAE7FF9009B5DD9 /* SVProgressHUD.m in Sources */ = {isa = PBXBuildFile; fileRef = AA1909DA1CAE7FF9009B5DD9 /* SVProgressHUD.m */; };
		AA1909E01CAE7FF9009B5DD9 /* SVRadialGradientLayer.m in Sources */ = {isa = PBXBuildFile; fileRef = AA1909DC1CAE7FF9009B5DD9 /* SVRadialGradientLayer.m */; };
		AA2DB7C91CD9ED7A00BE48F4 /* CViewController.m in Sources */ = {isa = PBXBuildFile; fileRef = AA2DB7C81CD9ED7A00BE48F4 /* CViewController.m */; };
		AA4247C61CFD9236003D76CC /* MessagingViewController.m in Sources */ = {isa = PBXBuildFile; fileRef = AA4247C51CFD9236003D76CC /* MessagingViewController.m */; };
		AA4247CA1CFDA041003D76CC /* NSObject+TimeString.m in Sources */ = {isa = PBXBuildFile; fileRef = AA4247C91CFDA041003D76CC /* NSObject+TimeString.m */; };
		AA4247CD1CFDA267003D76CC /* MessagingCell.m in Sources */ = {isa = PBXBuildFile; fileRef = AA4247CC1CFDA267003D76CC /* MessagingCell.m */; };
		AA52D16D1CED67C9009474C1 /* FriendsListViewController.m in Sources */ = {isa = PBXBuildFile; fileRef = AA52D16C1CED67C9009474C1 /* FriendsListViewController.m */; };
		AA52D1701CED9BE2009474C1 /* ChineseToPinyin.m in Sources */ = {isa = PBXBuildFile; fileRef = AA52D16F1CED9BE2009474C1 /* ChineseToPinyin.m */; };
		AA52D1731CEDC396009474C1 /* NSString+pinyin.m in Sources */ = {isa = PBXBuildFile; fileRef = AA52D1721CEDC396009474C1 /* NSString+pinyin.m */; };
		AA572CC31CBE4228003DEB92 /* MainTableViewController.m in Sources */ = {isa = PBXBuildFile; fileRef = AA572CC21CBE4228003DEB92 /* MainTableViewController.m */; };
		AA572CC61CBE426C003DEB92 /* MainTabBarController.m in Sources */ = {isa = PBXBuildFile; fileRef = AA572CC51CBE426C003DEB92 /* MainTabBarController.m */; };
		AA572CED1CBE4A74003DEB92 /* AFHTTPSessionManager.m in Sources */ = {isa = PBXBuildFile; fileRef = AA572CCA1CBE4A74003DEB92 /* AFHTTPSessionManager.m */; };
		AA572CEE1CBE4A74003DEB92 /* AFNetworkReachabilityManager.m in Sources */ = {isa = PBXBuildFile; fileRef = AA572CCD1CBE4A74003DEB92 /* AFNetworkReachabilityManager.m */; };
		AA572CEF1CBE4A74003DEB92 /* AFSecurityPolicy.m in Sources */ = {isa = PBXBuildFile; fileRef = AA572CCF1CBE4A74003DEB92 /* AFSecurityPolicy.m */; };
		AA572CF01CBE4A74003DEB92 /* AFURLRequestSerialization.m in Sources */ = {isa = PBXBuildFile; fileRef = AA572CD11CBE4A74003DEB92 /* AFURLRequestSerialization.m */; };
		AA572CF11CBE4A74003DEB92 /* AFURLResponseSerialization.m in Sources */ = {isa = PBXBuildFile; fileRef = AA572CD31CBE4A74003DEB92 /* AFURLResponseSerialization.m */; };
		AA572CF21CBE4A74003DEB92 /* AFURLSessionManager.m in Sources */ = {isa = PBXBuildFile; fileRef = AA572CD51CBE4A74003DEB92 /* AFURLSessionManager.m */; };
		AA572CF31CBE4A74003DEB92 /* LICENSE in Resources */ = {isa = PBXBuildFile; fileRef = AA572CD61CBE4A74003DEB92 /* LICENSE */; };
		AA572CF41CBE4A74003DEB92 /* README.md in Sources */ = {isa = PBXBuildFile; fileRef = AA572CD71CBE4A74003DEB92 /* README.md */; };
		AA572CF51CBE4A74003DEB92 /* AFAutoPurgingImageCache.m in Sources */ = {isa = PBXBuildFile; fileRef = AA572CDA1CBE4A74003DEB92 /* AFAutoPurgingImageCache.m */; };
		AA572CF61CBE4A74003DEB92 /* AFImageDownloader.m in Sources */ = {isa = PBXBuildFile; fileRef = AA572CDC1CBE4A74003DEB92 /* AFImageDownloader.m */; };
		AA572CF71CBE4A74003DEB92 /* AFNetworkActivityIndicatorManager.m in Sources */ = {isa = PBXBuildFile; fileRef = AA572CDE1CBE4A74003DEB92 /* AFNetworkActivityIndicatorManager.m */; };
		AA572CF81CBE4A74003DEB92 /* UIActivityIndicatorView+AFNetworking.m in Sources */ = {isa = PBXBuildFile; fileRef = AA572CE01CBE4A74003DEB92 /* UIActivityIndicatorView+AFNetworking.m */; };
		AA572CF91CBE4A74003DEB92 /* UIButton+AFNetworking.m in Sources */ = {isa = PBXBuildFile; fileRef = AA572CE21CBE4A74003DEB92 /* UIButton+AFNetworking.m */; };
		AA572CFA1CBE4A74003DEB92 /* UIImageView+AFNetworking.m in Sources */ = {isa = PBXBuildFile; fileRef = AA572CE51CBE4A74003DEB92 /* UIImageView+AFNetworking.m */; };
		AA572CFB1CBE4A74003DEB92 /* UIProgressView+AFNetworking.m in Sources */ = {isa = PBXBuildFile; fileRef = AA572CE81CBE4A74003DEB92 /* UIProgressView+AFNetworking.m */; };
		AA572CFC1CBE4A74003DEB92 /* UIRefreshControl+AFNetworking.m in Sources */ = {isa = PBXBuildFile; fileRef = AA572CEA1CBE4A74003DEB92 /* UIRefreshControl+AFNetworking.m */; };
		AA572CFD1CBE4A74003DEB92 /* UIWebView+AFNetworking.m in Sources */ = {isa = PBXBuildFile; fileRef = AA572CEC1CBE4A74003DEB92 /* UIWebView+AFNetworking.m */; };
		AA572D001CBE4BFE003DEB92 /* MyTabBarBtn.m in Sources */ = {isa = PBXBuildFile; fileRef = AA572CFF1CBE4BFE003DEB92 /* MyTabBarBtn.m */; };
		AA572D031CBE4ED8003DEB92 /* AViewController.m in Sources */ = {isa = PBXBuildFile; fileRef = AA572D021CBE4ED8003DEB92 /* AViewController.m */; };
		AA572D061CBE4EE4003DEB92 /* BViewController.m in Sources */ = {isa = PBXBuildFile; fileRef = AA572D051CBE4EE4003DEB92 /* BViewController.m */; };
		AA68F7091CEEA95100DF9329 /* SearchTableViewController.m in Sources */ = {isa = PBXBuildFile; fileRef = AA68F7081CEEA95100DF9329 /* SearchTableViewController.m */; };
		AA72B4281D06D75D00DDD5E8 /* SliderViewController.m in Sources */ = {isa = PBXBuildFile; fileRef = AA72B4271D06D75D00DDD5E8 /* SliderViewController.m */; };
		AA8380C21CD30BC800FB52A9 /* BTableViewCell.m in Sources */ = {isa = PBXBuildFile; fileRef = AA8380C11CD30BC800FB52A9 /* BTableViewCell.m */; };
		AA8380C81CD30C6E00FB52A9 /* UITableView+SDAutoTableViewCellHeight.m in Sources */ = {isa = PBXBuildFile; fileRef = AA8380C51CD30C6E00FB52A9 /* UITableView+SDAutoTableViewCellHeight.m */; };
		AA8380C91CD30C6E00FB52A9 /* UIView+SDAutoLayout.m in Sources */ = {isa = PBXBuildFile; fileRef = AA8380C71CD30C6E00FB52A9 /* UIView+SDAutoLayout.m */; };
		AAB338D61D34D2E200C2B392 /* 猫猫和狗.jpg in Resources */ = {isa = PBXBuildFile; fileRef = AAB338D51D34D2E200C2B392 /* 猫猫和狗.jpg */; };
		AAC85A751C9FEAA0009AC584 /* main.m in Sources */ = {isa = PBXBuildFile; fileRef = AAC85A741C9FEAA0009AC584 /* main.m */; };
		AAC85A781C9FEAA0009AC584 /* AppDelegate.m in Sources */ = {isa = PBXBuildFile; fileRef = AAC85A771C9FEAA0009AC584 /* AppDelegate.m */; };
		AAC85A7E1C9FEAA0009AC584 /* Main.storyboard in Resources */ = {isa = PBXBuildFile; fileRef = AAC85A7C1C9FEAA0009AC584 /* Main.storyboard */; };
		AAC85A801C9FEAA0009AC584 /* Assets.xcassets in Resources */ = {isa = PBXBuildFile; fileRef = AAC85A7F1C9FEAA0009AC584 /* Assets.xcassets */; };
		AAC85A831C9FEAA0009AC584 /* LaunchScreen.storyboard in Resources */ = {isa = PBXBuildFile; fileRef = AAC85A811C9FEAA0009AC584 /* LaunchScreen.storyboard */; };
		AACFC9C81CE0662800E9850B /* DViewController.m in Sources */ = {isa = PBXBuildFile; fileRef = AACFC9C71CE0662800E9850B /* DViewController.m */; };
		AACFC9CC1CE06C1600E9850B /* DTableViewCell.m in Sources */ = {isa = PBXBuildFile; fileRef = AACFC9CA1CE06C1600E9850B /* DTableViewCell.m */; };
		AACFC9CD1CE06C1600E9850B /* DTableViewCell.xib in Resources */ = {isa = PBXBuildFile; fileRef = AACFC9CB1CE06C1600E9850B /* DTableViewCell.xib */; };
		AACFC9D01CE0768B00E9850B /* TransactionRecordsModel.m in Sources */ = {isa = PBXBuildFile; fileRef = AACFC9CF1CE0768B00E9850B /* TransactionRecordsModel.m */; };
		AADB2D541CFEC02A0021F080 /* MessagingModel.m in Sources */ = {isa = PBXBuildFile; fileRef = AADB2D531CFEC02A0021F080 /* MessagingModel.m */; };
		AAFCA7891CBF7B9F00F3F8BE /* ACollectionViewCell.m in Sources */ = {isa = PBXBuildFile; fileRef = AAFCA7881CBF7B9F00F3F8BE /* ACollectionViewCell.m */; };
		AAFCA78B1CBF871900F3F8BE /* BViewController.xib in Resources */ = {isa = PBXBuildFile; fileRef = AAFCA78A1CBF871900F3F8BE /* BViewController.xib */; };
		AAFCA7AF1CBFA19D00F3F8BE /* KJScrollView.m in Sources */ = {isa = PBXBuildFile; fileRef = AAFCA7AE1CBFA19D00F3F8BE /* KJScrollView.m */; };
/* End PBXBuildFile section */

/* Begin PBXFileReference section */
		AA0667111CE18E09008C7085 /* KJMenuView.h */ = {isa = PBXFileReference; fileEncoding = 4; lastKnownFileType = sourcecode.c.h; path = KJMenuView.h; sourceTree = "<group>"; };
		AA0667121CE18E09008C7085 /* KJMenuView.m */ = {isa = PBXFileReference; fileEncoding = 4; lastKnownFileType = sourcecode.c.objc; path = KJMenuView.m; sourceTree = "<group>"; };
		AA16B3DF1CDB360300B70BCC /* KJPerSon.h */ = {isa = PBXFileReference; fileEncoding = 4; lastKnownFileType = sourcecode.c.h; path = KJPerSon.h; sourceTree = "<group>"; };
		AA16B3E01CDB360300B70BCC /* KJPerSon.m */ = {isa = PBXFileReference; fileEncoding = 4; lastKnownFileType = sourcecode.c.objc; path = KJPerSon.m; sourceTree = "<group>"; };
		AA16B3E31CDB3D5E00B70BCC /* UIScrollView+VGParallaxHeader.h */ = {isa = PBXFileReference; fileEncoding = 4; lastKnownFileType = sourcecode.c.h; path = "UIScrollView+VGParallaxHeader.h"; sourceTree = "<group>"; };
		AA16B3E41CDB3D5E00B70BCC /* UIScrollView+VGParallaxHeader.m */ = {isa = PBXFileReference; fileEncoding = 4; lastKnownFileType = sourcecode.c.objc; path = "UIScrollView+VGParallaxHeader.m"; sourceTree = "<group>"; };
		AA16B3E71CDB3F2200B70BCC /* ALView+PureLayout.h */ = {isa = PBXFileReference; fileEncoding = 4; lastKnownFileType = sourcecode.c.h; path = "ALView+PureLayout.h"; sourceTree = "<group>"; };
		AA16B3E81CDB3F2200B70BCC /* ALView+PureLayout.m */ = {isa = PBXFileReference; fileEncoding = 4; lastKnownFileType = sourcecode.c.objc; path = "ALView+PureLayout.m"; sourceTree = "<group>"; };
		AA16B3E91CDB3F2200B70BCC /* NSArray+PureLayout.h */ = {isa = PBXFileReference; fileEncoding = 4; lastKnownFileType = sourcecode.c.h; path = "NSArray+PureLayout.h"; sourceTree = "<group>"; };
		AA16B3EA1CDB3F2200B70BCC /* NSArray+PureLayout.m */ = {isa = PBXFileReference; fileEncoding = 4; lastKnownFileType = sourcecode.c.objc; path = "NSArray+PureLayout.m"; sourceTree = "<group>"; };
		AA16B3EB1CDB3F2200B70BCC /* NSLayoutConstraint+PureLayout.h */ = {isa = PBXFileReference; fileEncoding = 4; lastKnownFileType = sourcecode.c.h; path = "NSLayoutConstraint+PureLayout.h"; sourceTree = "<group>"; };
		AA16B3EC1CDB3F2200B70BCC /* NSLayoutConstraint+PureLayout.m */ = {isa = PBXFileReference; fileEncoding = 4; lastKnownFileType = sourcecode.c.objc; path = "NSLayoutConstraint+PureLayout.m"; sourceTree = "<group>"; };
		AA16B3ED1CDB3F2200B70BCC /* PureLayout+Internal.h */ = {isa = PBXFileReference; fileEncoding = 4; lastKnownFileType = sourcecode.c.h; path = "PureLayout+Internal.h"; sourceTree = "<group>"; };
		AA16B3EE1CDB3F2200B70BCC /* PureLayout.h */ = {isa = PBXFileReference; fileEncoding = 4; lastKnownFileType = sourcecode.c.h; path = PureLayout.h; sourceTree = "<group>"; };
		AA16B3EF1CDB3F2200B70BCC /* PureLayoutDefines.h */ = {isa = PBXFileReference; fileEncoding = 4; lastKnownFileType = sourcecode.c.h; path = PureLayoutDefines.h; sourceTree = "<group>"; };
		AA16B3F31CDB431200B70BCC /* CTableViewCell.h */ = {isa = PBXFileReference; fileEncoding = 4; lastKnownFileType = sourcecode.c.h; path = CTableViewCell.h; sourceTree = "<group>"; };
		AA16B3F41CDB431200B70BCC /* CTableViewCell.m */ = {isa = PBXFileReference; fileEncoding = 4; lastKnownFileType = sourcecode.c.objc; path = CTableViewCell.m; sourceTree = "<group>"; };
		AA16B3F61CDB489900B70BCC /* OrderModel.h */ = {isa = PBXFileReference; fileEncoding = 4; lastKnownFileType = sourcecode.c.h; path = OrderModel.h; sourceTree = "<group>"; };
		AA16B3F71CDB489900B70BCC /* OrderModel.m */ = {isa = PBXFileReference; fileEncoding = 4; lastKnownFileType = sourcecode.c.objc; path = OrderModel.m; sourceTree = "<group>"; };
		AA1909D11CAE6414009B5DD9 /* ViewController.m */ = {isa = PBXFileReference; fileEncoding = 4; lastKnownFileType = sourcecode.c.objc; path = ViewController.m; sourceTree = "<group>"; };
		AA1909D51CAE7FF9009B5DD9 /* SVIndefiniteAnimatedView.h */ = {isa = PBXFileReference; fileEncoding = 4; lastKnownFileType = sourcecode.c.h; path = SVIndefiniteAnimatedView.h; sourceTree = "<group>"; };
		AA1909D61CAE7FF9009B5DD9 /* SVIndefiniteAnimatedView.m */ = {isa = PBXFileReference; fileEncoding = 4; lastKnownFileType = sourcecode.c.objc; path = SVIndefiniteAnimatedView.m; sourceTree = "<group>"; };
		AA1909D71CAE7FF9009B5DD9 /* SVProgressHUD-Prefix.pch */ = {isa = PBXFileReference; fileEncoding = 4; lastKnownFileType = sourcecode.c.h; path = "SVProgressHUD-Prefix.pch"; sourceTree = "<group>"; };
		AA1909D81CAE7FF9009B5DD9 /* SVProgressHUD.bundle */ = {isa = PBXFileReference; lastKnownFileType = "wrapper.plug-in"; path = SVProgressHUD.bundle; sourceTree = "<group>"; };
		AA1909D91CAE7FF9009B5DD9 /* SVProgressHUD.h */ = {isa = PBXFileReference; fileEncoding = 4; lastKnownFileType = sourcecode.c.h; path = SVProgressHUD.h; sourceTree = "<group>"; };
		AA1909DA1CAE7FF9009B5DD9 /* SVProgressHUD.m */ = {isa = PBXFileReference; fileEncoding = 4; lastKnownFileType = sourcecode.c.objc; path = SVProgressHUD.m; sourceTree = "<group>"; };
		AA1909DB1CAE7FF9009B5DD9 /* SVRadialGradientLayer.h */ = {isa = PBXFileReference; fileEncoding = 4; lastKnownFileType = sourcecode.c.h; path = SVRadialGradientLayer.h; sourceTree = "<group>"; };
		AA1909DC1CAE7FF9009B5DD9 /* SVRadialGradientLayer.m */ = {isa = PBXFileReference; fileEncoding = 4; lastKnownFileType = sourcecode.c.objc; path = SVRadialGradientLayer.m; sourceTree = "<group>"; };
		AA1909FF1CAE8277009B5DD9 /* singleton.h */ = {isa = PBXFileReference; fileEncoding = 4; lastKnownFileType = sourcecode.c.h; path = singleton.h; sourceTree = "<group>"; };
		AA2DB7C71CD9ED7A00BE48F4 /* CViewController.h */ = {isa = PBXFileReference; fileEncoding = 4; lastKnownFileType = sourcecode.c.h; path = CViewController.h; sourceTree = "<group>"; };
		AA2DB7C81CD9ED7A00BE48F4 /* CViewController.m */ = {isa = PBXFileReference; fileEncoding = 4; lastKnownFileType = sourcecode.c.objc; path = CViewController.m; sourceTree = "<group>"; };
		AA4247C41CFD9236003D76CC /* MessagingViewController.h */ = {isa = PBXFileReference; fileEncoding = 4; lastKnownFileType = sourcecode.c.h; path = MessagingViewController.h; sourceTree = "<group>"; };
		AA4247C51CFD9236003D76CC /* MessagingViewController.m */ = {isa = PBXFileReference; fileEncoding = 4; lastKnownFileType = sourcecode.c.objc; path = MessagingViewController.m; sourceTree = "<group>"; };
		AA4247C81CFDA041003D76CC /* NSObject+TimeString.h */ = {isa = PBXFileReference; fileEncoding = 4; lastKnownFileType = sourcecode.c.h; path = "NSObject+TimeString.h"; sourceTree = "<group>"; };
		AA4247C91CFDA041003D76CC /* NSObject+TimeString.m */ = {isa = PBXFileReference; fileEncoding = 4; lastKnownFileType = sourcecode.c.objc; path = "NSObject+TimeString.m"; sourceTree = "<group>"; };
		AA4247CB1CFDA267003D76CC /* MessagingCell.h */ = {isa = PBXFileReference; fileEncoding = 4; lastKnownFileType = sourcecode.c.h; path = MessagingCell.h; sourceTree = "<group>"; };
		AA4247CC1CFDA267003D76CC /* MessagingCell.m */ = {isa = PBXFileReference; fileEncoding = 4; lastKnownFileType = sourcecode.c.objc; path = MessagingCell.m; sourceTree = "<group>"; };
		AA52D16B1CED67C9009474C1 /* FriendsListViewController.h */ = {isa = PBXFileReference; fileEncoding = 4; lastKnownFileType = sourcecode.c.h; path = FriendsListViewController.h; sourceTree = "<group>"; };
		AA52D16C1CED67C9009474C1 /* FriendsListViewController.m */ = {isa = PBXFileReference; fileEncoding = 4; lastKnownFileType = sourcecode.c.objc; path = FriendsListViewController.m; sourceTree = "<group>"; };
		AA52D16E1CED9BE2009474C1 /* ChineseToPinyin.h */ = {isa = PBXFileReference; fileEncoding = 4; lastKnownFileType = sourcecode.c.h; path = ChineseToPinyin.h; sourceTree = "<group>"; };
		AA52D16F1CED9BE2009474C1 /* ChineseToPinyin.m */ = {isa = PBXFileReference; fileEncoding = 4; lastKnownFileType = sourcecode.c.objc; path = ChineseToPinyin.m; sourceTree = "<group>"; };
		AA52D1711CEDC396009474C1 /* NSString+pinyin.h */ = {isa = PBXFileReference; fileEncoding = 4; lastKnownFileType = sourcecode.c.h; path = "NSString+pinyin.h"; sourceTree = "<group>"; };
		AA52D1721CEDC396009474C1 /* NSString+pinyin.m */ = {isa = PBXFileReference; fileEncoding = 4; lastKnownFileType = sourcecode.c.objc; path = "NSString+pinyin.m"; sourceTree = "<group>"; };
		AA572CC11CBE4228003DEB92 /* MainTableViewController.h */ = {isa = PBXFileReference; fileEncoding = 4; lastKnownFileType = sourcecode.c.h; path = MainTableViewController.h; sourceTree = "<group>"; };
		AA572CC21CBE4228003DEB92 /* MainTableViewController.m */ = {isa = PBXFileReference; fileEncoding = 4; lastKnownFileType = sourcecode.c.objc; path = MainTableViewController.m; sourceTree = "<group>"; };
		AA572CC41CBE426C003DEB92 /* MainTabBarController.h */ = {isa = PBXFileReference; fileEncoding = 4; lastKnownFileType = sourcecode.c.h; path = MainTabBarController.h; sourceTree = "<group>"; };
		AA572CC51CBE426C003DEB92 /* MainTabBarController.m */ = {isa = PBXFileReference; fileEncoding = 4; lastKnownFileType = sourcecode.c.objc; path = MainTabBarController.m; sourceTree = "<group>"; };
		AA572CC91CBE4A73003DEB92 /* AFHTTPSessionManager.h */ = {isa = PBXFileReference; fileEncoding = 4; lastKnownFileType = sourcecode.c.h; path = AFHTTPSessionManager.h; sourceTree = "<group>"; };
		AA572CCA1CBE4A74003DEB92 /* AFHTTPSessionManager.m */ = {isa = PBXFileReference; fileEncoding = 4; lastKnownFileType = sourcecode.c.objc; path = AFHTTPSessionManager.m; sourceTree = "<group>"; };
		AA572CCB1CBE4A74003DEB92 /* AFNetworking.h */ = {isa = PBXFileReference; fileEncoding = 4; lastKnownFileType = sourcecode.c.h; path = AFNetworking.h; sourceTree = "<group>"; };
		AA572CCC1CBE4A74003DEB92 /* AFNetworkReachabilityManager.h */ = {isa = PBXFileReference; fileEncoding = 4; lastKnownFileType = sourcecode.c.h; path = AFNetworkReachabilityManager.h; sourceTree = "<group>"; };
		AA572CCD1CBE4A74003DEB92 /* AFNetworkReachabilityManager.m */ = {isa = PBXFileReference; fileEncoding = 4; lastKnownFileType = sourcecode.c.objc; path = AFNetworkReachabilityManager.m; sourceTree = "<group>"; };
		AA572CCE1CBE4A74003DEB92 /* AFSecurityPolicy.h */ = {isa = PBXFileReference; fileEncoding = 4; lastKnownFileType = sourcecode.c.h; path = AFSecurityPolicy.h; sourceTree = "<group>"; };
		AA572CCF1CBE4A74003DEB92 /* AFSecurityPolicy.m */ = {isa = PBXFileReference; fileEncoding = 4; lastKnownFileType = sourcecode.c.objc; path = AFSecurityPolicy.m; sourceTree = "<group>"; };
		AA572CD01CBE4A74003DEB92 /* AFURLRequestSerialization.h */ = {isa = PBXFileReference; fileEncoding = 4; lastKnownFileType = sourcecode.c.h; path = AFURLRequestSerialization.h; sourceTree = "<group>"; };
		AA572CD11CBE4A74003DEB92 /* AFURLRequestSerialization.m */ = {isa = PBXFileReference; fileEncoding = 4; lastKnownFileType = sourcecode.c.objc; path = AFURLRequestSerialization.m; sourceTree = "<group>"; };
		AA572CD21CBE4A74003DEB92 /* AFURLResponseSerialization.h */ = {isa = PBXFileReference; fileEncoding = 4; lastKnownFileType = sourcecode.c.h; path = AFURLResponseSerialization.h; sourceTree = "<group>"; };
		AA572CD31CBE4A74003DEB92 /* AFURLResponseSerialization.m */ = {isa = PBXFileReference; fileEncoding = 4; lastKnownFileType = sourcecode.c.objc; path = AFURLResponseSerialization.m; sourceTree = "<group>"; };
		AA572CD41CBE4A74003DEB92 /* AFURLSessionManager.h */ = {isa = PBXFileReference; fileEncoding = 4; lastKnownFileType = sourcecode.c.h; path = AFURLSessionManager.h; sourceTree = "<group>"; };
		AA572CD51CBE4A74003DEB92 /* AFURLSessionManager.m */ = {isa = PBXFileReference; fileEncoding = 4; lastKnownFileType = sourcecode.c.objc; path = AFURLSessionManager.m; sourceTree = "<group>"; };
		AA572CD61CBE4A74003DEB92 /* LICENSE */ = {isa = PBXFileReference; fileEncoding = 4; lastKnownFileType = text; path = LICENSE; sourceTree = "<group>"; };
		AA572CD71CBE4A74003DEB92 /* README.md */ = {isa = PBXFileReference; fileEncoding = 4; lastKnownFileType = net.daringfireball.markdown; path = README.md; sourceTree = "<group>"; };
		AA572CD91CBE4A74003DEB92 /* AFAutoPurgingImageCache.h */ = {isa = PBXFileReference; fileEncoding = 4; lastKnownFileType = sourcecode.c.h; path = AFAutoPurgingImageCache.h; sourceTree = "<group>"; };
		AA572CDA1CBE4A74003DEB92 /* AFAutoPurgingImageCache.m */ = {isa = PBXFileReference; fileEncoding = 4; lastKnownFileType = sourcecode.c.objc; path = AFAutoPurgingImageCache.m; sourceTree = "<group>"; };
		AA572CDB1CBE4A74003DEB92 /* AFImageDownloader.h */ = {isa = PBXFileReference; fileEncoding = 4; lastKnownFileType = sourcecode.c.h; path = AFImageDownloader.h; sourceTree = "<group>"; };
		AA572CDC1CBE4A74003DEB92 /* AFImageDownloader.m */ = {isa = PBXFileReference; fileEncoding = 4; lastKnownFileType = sourcecode.c.objc; path = AFImageDownloader.m; sourceTree = "<group>"; };
		AA572CDD1CBE4A74003DEB92 /* AFNetworkActivityIndicatorManager.h */ = {isa = PBXFileReference; fileEncoding = 4; lastKnownFileType = sourcecode.c.h; path = AFNetworkActivityIndicatorManager.h; sourceTree = "<group>"; };
		AA572CDE1CBE4A74003DEB92 /* AFNetworkActivityIndicatorManager.m */ = {isa = PBXFileReference; fileEncoding = 4; lastKnownFileType = sourcecode.c.objc; path = AFNetworkActivityIndicatorManager.m; sourceTree = "<group>"; };
		AA572CDF1CBE4A74003DEB92 /* UIActivityIndicatorView+AFNetworking.h */ = {isa = PBXFileReference; fileEncoding = 4; lastKnownFileType = sourcecode.c.h; path = "UIActivityIndicatorView+AFNetworking.h"; sourceTree = "<group>"; };
		AA572CE01CBE4A74003DEB92 /* UIActivityIndicatorView+AFNetworking.m */ = {isa = PBXFileReference; fileEncoding = 4; lastKnownFileType = sourcecode.c.objc; path = "UIActivityIndicatorView+AFNetworking.m"; sourceTree = "<group>"; };
		AA572CE11CBE4A74003DEB92 /* UIButton+AFNetworking.h */ = {isa = PBXFileReference; fileEncoding = 4; lastKnownFileType = sourcecode.c.h; path = "UIButton+AFNetworking.h"; sourceTree = "<group>"; };
		AA572CE21CBE4A74003DEB92 /* UIButton+AFNetworking.m */ = {isa = PBXFileReference; fileEncoding = 4; lastKnownFileType = sourcecode.c.objc; path = "UIButton+AFNetworking.m"; sourceTree = "<group>"; };
		AA572CE31CBE4A74003DEB92 /* UIImage+AFNetworking.h */ = {isa = PBXFileReference; fileEncoding = 4; lastKnownFileType = sourcecode.c.h; path = "UIImage+AFNetworking.h"; sourceTree = "<group>"; };
		AA572CE41CBE4A74003DEB92 /* UIImageView+AFNetworking.h */ = {isa = PBXFileReference; fileEncoding = 4; lastKnownFileType = sourcecode.c.h; path = "UIImageView+AFNetworking.h"; sourceTree = "<group>"; };
		AA572CE51CBE4A74003DEB92 /* UIImageView+AFNetworking.m */ = {isa = PBXFileReference; fileEncoding = 4; lastKnownFileType = sourcecode.c.objc; path = "UIImageView+AFNetworking.m"; sourceTree = "<group>"; };
		AA572CE61CBE4A74003DEB92 /* UIKit+AFNetworking.h */ = {isa = PBXFileReference; fileEncoding = 4; lastKnownFileType = sourcecode.c.h; path = "UIKit+AFNetworking.h"; sourceTree = "<group>"; };
		AA572CE71CBE4A74003DEB92 /* UIProgressView+AFNetworking.h */ = {isa = PBXFileReference; fileEncoding = 4; lastKnownFileType = sourcecode.c.h; path = "UIProgressView+AFNetworking.h"; sourceTree = "<group>"; };
		AA572CE81CBE4A74003DEB92 /* UIProgressView+AFNetworking.m */ = {isa = PBXFileReference; fileEncoding = 4; lastKnownFileType = sourcecode.c.objc; path = "UIProgressView+AFNetworking.m"; sourceTree = "<group>"; };
		AA572CE91CBE4A74003DEB92 /* UIRefreshControl+AFNetworking.h */ = {isa = PBXFileReference; fileEncoding = 4; lastKnownFileType = sourcecode.c.h; path = "UIRefreshControl+AFNetworking.h"; sourceTree = "<group>"; };
		AA572CEA1CBE4A74003DEB92 /* UIRefreshControl+AFNetworking.m */ = {isa = PBXFileReference; fileEncoding = 4; lastKnownFileType = sourcecode.c.objc; path = "UIRefreshControl+AFNetworking.m"; sourceTree = "<group>"; };
		AA572CEB1CBE4A74003DEB92 /* UIWebView+AFNetworking.h */ = {isa = PBXFileReference; fileEncoding = 4; lastKnownFileType = sourcecode.c.h; path = "UIWebView+AFNetworking.h"; sourceTree = "<group>"; };
		AA572CEC1CBE4A74003DEB92 /* UIWebView+AFNetworking.m */ = {isa = PBXFileReference; fileEncoding = 4; lastKnownFileType = sourcecode.c.objc; path = "UIWebView+AFNetworking.m"; sourceTree = "<group>"; };
		AA572CFE1CBE4BFE003DEB92 /* MyTabBarBtn.h */ = {isa = PBXFileReference; fileEncoding = 4; lastKnownFileType = sourcecode.c.h; path = MyTabBarBtn.h; sourceTree = "<group>"; };
		AA572CFF1CBE4BFE003DEB92 /* MyTabBarBtn.m */ = {isa = PBXFileReference; fileEncoding = 4; lastKnownFileType = sourcecode.c.objc; path = MyTabBarBtn.m; sourceTree = "<group>"; };
		AA572D011CBE4ED8003DEB92 /* AViewController.h */ = {isa = PBXFileReference; fileEncoding = 4; lastKnownFileType = sourcecode.c.h; path = AViewController.h; sourceTree = "<group>"; };
		AA572D021CBE4ED8003DEB92 /* AViewController.m */ = {isa = PBXFileReference; fileEncoding = 4; lastKnownFileType = sourcecode.c.objc; path = AViewController.m; sourceTree = "<group>"; };
		AA572D041CBE4EE4003DEB92 /* BViewController.h */ = {isa = PBXFileReference; fileEncoding = 4; lastKnownFileType = sourcecode.c.h; path = BViewController.h; sourceTree = "<group>"; };
		AA572D051CBE4EE4003DEB92 /* BViewController.m */ = {isa = PBXFileReference; fileEncoding = 4; lastKnownFileType = sourcecode.c.objc; path = BViewController.m; sourceTree = "<group>"; };
		AA68F7071CEEA95100DF9329 /* SearchTableViewController.h */ = {isa = PBXFileReference; fileEncoding = 4; lastKnownFileType = sourcecode.c.h; path = SearchTableViewController.h; sourceTree = "<group>"; };
		AA68F7081CEEA95100DF9329 /* SearchTableViewController.m */ = {isa = PBXFileReference; fileEncoding = 4; lastKnownFileType = sourcecode.c.objc; path = SearchTableViewController.m; sourceTree = "<group>"; };
		AA72B4261D06D75D00DDD5E8 /* SliderViewController.h */ = {isa = PBXFileReference; fileEncoding = 4; lastKnownFileType = sourcecode.c.h; path = SliderViewController.h; sourceTree = "<group>"; };
		AA72B4271D06D75D00DDD5E8 /* SliderViewController.m */ = {isa = PBXFileReference; fileEncoding = 4; lastKnownFileType = sourcecode.c.objc; path = SliderViewController.m; sourceTree = "<group>"; };
		AA8380C01CD30BC800FB52A9 /* BTableViewCell.h */ = {isa = PBXFileReference; fileEncoding = 4; lastKnownFileType = sourcecode.c.h; path = BTableViewCell.h; sourceTree = "<group>"; };
		AA8380C11CD30BC800FB52A9 /* BTableViewCell.m */ = {isa = PBXFileReference; fileEncoding = 4; lastKnownFileType = sourcecode.c.objc; path = BTableViewCell.m; sourceTree = "<group>"; };
		AA8380C41CD30C6E00FB52A9 /* UITableView+SDAutoTableViewCellHeight.h */ = {isa = PBXFileReference; fileEncoding = 4; lastKnownFileType = sourcecode.c.h; path = "UITableView+SDAutoTableViewCellHeight.h"; sourceTree = "<group>"; };
		AA8380C51CD30C6E00FB52A9 /* UITableView+SDAutoTableViewCellHeight.m */ = {isa = PBXFileReference; fileEncoding = 4; lastKnownFileType = sourcecode.c.objc; path = "UITableView+SDAutoTableViewCellHeight.m"; sourceTree = "<group>"; };
		AA8380C61CD30C6E00FB52A9 /* UIView+SDAutoLayout.h */ = {isa = PBXFileReference; fileEncoding = 4; lastKnownFileType = sourcecode.c.h; path = "UIView+SDAutoLayout.h"; sourceTree = "<group>"; };
		AA8380C71CD30C6E00FB52A9 /* UIView+SDAutoLayout.m */ = {isa = PBXFileReference; fileEncoding = 4; lastKnownFileType = sourcecode.c.objc; path = "UIView+SDAutoLayout.m"; sourceTree = "<group>"; };
		AAB338D51D34D2E200C2B392 /* 猫猫和狗.jpg */ = {isa = PBXFileReference; lastKnownFileType = image.jpeg; path = "猫猫和狗.jpg"; sourceTree = "<group>"; };
		AAC85A701C9FEAA0009AC584 /* git_测试.app */ = {isa = PBXFileReference; explicitFileType = wrapper.application; includeInIndex = 0; path = "git_测试.app"; sourceTree = BUILT_PRODUCTS_DIR; };
		AAC85A741C9FEAA0009AC584 /* main.m */ = {isa = PBXFileReference; lastKnownFileType = sourcecode.c.objc; path = main.m; sourceTree = "<group>"; };
		AAC85A761C9FEAA0009AC584 /* AppDelegate.h */ = {isa = PBXFileReference; lastKnownFileType = sourcecode.c.h; path = AppDelegate.h; sourceTree = "<group>"; };
		AAC85A771C9FEAA0009AC584 /* AppDelegate.m */ = {isa = PBXFileReference; lastKnownFileType = sourcecode.c.objc; path = AppDelegate.m; sourceTree = "<group>"; };
		AAC85A791C9FEAA0009AC584 /* ViewController.h */ = {isa = PBXFileReference; lastKnownFileType = sourcecode.c.h; path = ViewController.h; sourceTree = "<group>"; };
		AAC85A7D1C9FEAA0009AC584 /* Base */ = {isa = PBXFileReference; lastKnownFileType = file.storyboard; name = Base; path = Base.lproj/Main.storyboard; sourceTree = "<group>"; };
		AAC85A7F1C9FEAA0009AC584 /* Assets.xcassets */ = {isa = PBXFileReference; lastKnownFileType = folder.assetcatalog; path = Assets.xcassets; sourceTree = "<group>"; };
		AAC85A821C9FEAA0009AC584 /* Base */ = {isa = PBXFileReference; lastKnownFileType = file.storyboard; name = Base; path = Base.lproj/LaunchScreen.storyboard; sourceTree = "<group>"; };
		AAC85A841C9FEAA0009AC584 /* Info.plist */ = {isa = PBXFileReference; lastKnownFileType = text.plist.xml; path = Info.plist; sourceTree = "<group>"; };
		AACFC9C61CE0662800E9850B /* DViewController.h */ = {isa = PBXFileReference; fileEncoding = 4; lastKnownFileType = sourcecode.c.h; path = DViewController.h; sourceTree = "<group>"; };
		AACFC9C71CE0662800E9850B /* DViewController.m */ = {isa = PBXFileReference; fileEncoding = 4; lastKnownFileType = sourcecode.c.objc; path = DViewController.m; sourceTree = "<group>"; };
		AACFC9C91CE06C1600E9850B /* DTableViewCell.h */ = {isa = PBXFileReference; fileEncoding = 4; lastKnownFileType = sourcecode.c.h; path = DTableViewCell.h; sourceTree = "<group>"; };
		AACFC9CA1CE06C1600E9850B /* DTableViewCell.m */ = {isa = PBXFileReference; fileEncoding = 4; lastKnownFileType = sourcecode.c.objc; path = DTableViewCell.m; sourceTree = "<group>"; };
		AACFC9CB1CE06C1600E9850B /* DTableViewCell.xib */ = {isa = PBXFileReference; fileEncoding = 4; lastKnownFileType = file.xib; path = DTableViewCell.xib; sourceTree = "<group>"; };
		AACFC9CE1CE0768B00E9850B /* TransactionRecordsModel.h */ = {isa = PBXFileReference; fileEncoding = 4; lastKnownFileType = sourcecode.c.h; path = TransactionRecordsModel.h; sourceTree = "<group>"; };
		AACFC9CF1CE0768B00E9850B /* TransactionRecordsModel.m */ = {isa = PBXFileReference; fileEncoding = 4; lastKnownFileType = sourcecode.c.objc; path = TransactionRecordsModel.m; sourceTree = "<group>"; };
		AADB2D521CFEC02A0021F080 /* MessagingModel.h */ = {isa = PBXFileReference; fileEncoding = 4; lastKnownFileType = sourcecode.c.h; path = MessagingModel.h; sourceTree = "<group>"; };
		AADB2D531CFEC02A0021F080 /* MessagingModel.m */ = {isa = PBXFileReference; fileEncoding = 4; lastKnownFileType = sourcecode.c.objc; path = MessagingModel.m; sourceTree = "<group>"; };
		AAFCA7871CBF7B9F00F3F8BE /* ACollectionViewCell.h */ = {isa = PBXFileReference; fileEncoding = 4; lastKnownFileType = sourcecode.c.h; path = ACollectionViewCell.h; sourceTree = "<group>"; };
		AAFCA7881CBF7B9F00F3F8BE /* ACollectionViewCell.m */ = {isa = PBXFileReference; fileEncoding = 4; lastKnownFileType = sourcecode.c.objc; path = ACollectionViewCell.m; sourceTree = "<group>"; };
		AAFCA78A1CBF871900F3F8BE /* BViewController.xib */ = {isa = PBXFileReference; fileEncoding = 4; lastKnownFileType = file.xib; path = BViewController.xib; sourceTree = "<group>"; };
		AAFCA7AD1CBFA19D00F3F8BE /* KJScrollView.h */ = {isa = PBXFileReference; fileEncoding = 4; lastKnownFileType = sourcecode.c.h; path = KJScrollView.h; sourceTree = "<group>"; };
		AAFCA7AE1CBFA19D00F3F8BE /* KJScrollView.m */ = {isa = PBXFileReference; fileEncoding = 4; lastKnownFileType = sourcecode.c.objc; path = KJScrollView.m; sourceTree = "<group>"; };
/* End PBXFileReference section */

/* Begin PBXFrameworksBuildPhase section */
		AAC85A6D1C9FEAA0009AC584 /* Frameworks */ = {
			isa = PBXFrameworksBuildPhase;
			buildActionMask = 2147483647;
			files = (
			);
			runOnlyForDeploymentPostprocessing = 0;
		};
/* End PBXFrameworksBuildPhase section */

/* Begin PBXGroup section */
		AA16B3E21CDB3D3F00B70BCC /* Cagrory */ = {
			isa = PBXGroup;
			children = (
				AA16B3E61CDB3F2200B70BCC /* PureLayout */,
				AA16B3E31CDB3D5E00B70BCC /* UIScrollView+VGParallaxHeader.h */,
				AA16B3E41CDB3D5E00B70BCC /* UIScrollView+VGParallaxHeader.m */,
				AA4247C81CFDA041003D76CC /* NSObject+TimeString.h */,
				AA4247C91CFDA041003D76CC /* NSObject+TimeString.m */,
			);
			name = Cagrory;
			sourceTree = "<group>";
		};
		AA16B3E61CDB3F2200B70BCC /* PureLayout */ = {
			isa = PBXGroup;
			children = (
				AA16B3E71CDB3F2200B70BCC /* ALView+PureLayout.h */,
				AA16B3E81CDB3F2200B70BCC /* ALView+PureLayout.m */,
				AA16B3E91CDB3F2200B70BCC /* NSArray+PureLayout.h */,
				AA16B3EA1CDB3F2200B70BCC /* NSArray+PureLayout.m */,
				AA16B3EB1CDB3F2200B70BCC /* NSLayoutConstraint+PureLayout.h */,
				AA16B3EC1CDB3F2200B70BCC /* NSLayoutConstraint+PureLayout.m */,
				AA16B3ED1CDB3F2200B70BCC /* PureLayout+Internal.h */,
				AA16B3EE1CDB3F2200B70BCC /* PureLayout.h */,
				AA16B3EF1CDB3F2200B70BCC /* PureLayoutDefines.h */,
			);
			path = PureLayout;
			sourceTree = "<group>";
		};
		AA1909D31CAE7568009B5DD9 /* model */ = {
			isa = PBXGroup;
			children = (
				AA1909FF1CAE8277009B5DD9 /* singleton.h */,
				AA16B3DF1CDB360300B70BCC /* KJPerSon.h */,
				AA16B3E01CDB360300B70BCC /* KJPerSon.m */,
				AA16B3F61CDB489900B70BCC /* OrderModel.h */,
				AA16B3F71CDB489900B70BCC /* OrderModel.m */,
				AACFC9CE1CE0768B00E9850B /* TransactionRecordsModel.h */,
				AACFC9CF1CE0768B00E9850B /* TransactionRecordsModel.m */,
				AADB2D521CFEC02A0021F080 /* MessagingModel.h */,
				AADB2D531CFEC02A0021F080 /* MessagingModel.m */,
			);
			name = model;
			sourceTree = "<group>";
		};
		AA1909D41CAE7FF9009B5DD9 /* SVProgressHUD */ = {
			isa = PBXGroup;
			children = (
				AA1909D51CAE7FF9009B5DD9 /* SVIndefiniteAnimatedView.h */,
				AA1909D61CAE7FF9009B5DD9 /* SVIndefiniteAnimatedView.m */,
				AA1909D71CAE7FF9009B5DD9 /* SVProgressHUD-Prefix.pch */,
				AA1909D81CAE7FF9009B5DD9 /* SVProgressHUD.bundle */,
				AA1909D91CAE7FF9009B5DD9 /* SVProgressHUD.h */,
				AA1909DA1CAE7FF9009B5DD9 /* SVProgressHUD.m */,
				AA1909DB1CAE7FF9009B5DD9 /* SVRadialGradientLayer.h */,
				AA1909DC1CAE7FF9009B5DD9 /* SVRadialGradientLayer.m */,
			);
			path = SVProgressHUD;
			sourceTree = "<group>";
		};
		AA572CC71CBE4A73003DEB92 /* AFNetworking */ = {
			isa = PBXGroup;
			children = (
				AA572CC81CBE4A73003DEB92 /* AFNetworking */,
				AA572CD61CBE4A74003DEB92 /* LICENSE */,
				AA572CD71CBE4A74003DEB92 /* README.md */,
				AA572CD81CBE4A74003DEB92 /* UIKit+AFNetworking */,
			);
			path = AFNetworking;
			sourceTree = "<group>";
		};
		AA572CC81CBE4A73003DEB92 /* AFNetworking */ = {
			isa = PBXGroup;
			children = (
				AA572CC91CBE4A73003DEB92 /* AFHTTPSessionManager.h */,
				AA572CCA1CBE4A74003DEB92 /* AFHTTPSessionManager.m */,
				AA572CCB1CBE4A74003DEB92 /* AFNetworking.h */,
				AA572CCC1CBE4A74003DEB92 /* AFNetworkReachabilityManager.h */,
				AA572CCD1CBE4A74003DEB92 /* AFNetworkReachabilityManager.m */,
				AA572CCE1CBE4A74003DEB92 /* AFSecurityPolicy.h */,
				AA572CCF1CBE4A74003DEB92 /* AFSecurityPolicy.m */,
				AA572CD01CBE4A74003DEB92 /* AFURLRequestSerialization.h */,
				AA572CD11CBE4A74003DEB92 /* AFURLRequestSerialization.m */,
				AA572CD21CBE4A74003DEB92 /* AFURLResponseSerialization.h */,
				AA572CD31CBE4A74003DEB92 /* AFURLResponseSerialization.m */,
				AA572CD41CBE4A74003DEB92 /* AFURLSessionManager.h */,
				AA572CD51CBE4A74003DEB92 /* AFURLSessionManager.m */,
			);
			path = AFNetworking;
			sourceTree = "<group>";
		};
		AA572CD81CBE4A74003DEB92 /* UIKit+AFNetworking */ = {
			isa = PBXGroup;
			children = (
				AA572CD91CBE4A74003DEB92 /* AFAutoPurgingImageCache.h */,
				AA572CDA1CBE4A74003DEB92 /* AFAutoPurgingImageCache.m */,
				AA572CDB1CBE4A74003DEB92 /* AFImageDownloader.h */,
				AA572CDC1CBE4A74003DEB92 /* AFImageDownloader.m */,
				AA572CDD1CBE4A74003DEB92 /* AFNetworkActivityIndicatorManager.h */,
				AA572CDE1CBE4A74003DEB92 /* AFNetworkActivityIndicatorManager.m */,
				AA572CDF1CBE4A74003DEB92 /* UIActivityIndicatorView+AFNetworking.h */,
				AA572CE01CBE4A74003DEB92 /* UIActivityIndicatorView+AFNetworking.m */,
				AA572CE11CBE4A74003DEB92 /* UIButton+AFNetworking.h */,
				AA572CE21CBE4A74003DEB92 /* UIButton+AFNetworking.m */,
				AA572CE31CBE4A74003DEB92 /* UIImage+AFNetworking.h */,
				AA572CE41CBE4A74003DEB92 /* UIImageView+AFNetworking.h */,
				AA572CE51CBE4A74003DEB92 /* UIImageView+AFNetworking.m */,
				AA572CE61CBE4A74003DEB92 /* UIKit+AFNetworking.h */,
				AA572CE71CBE4A74003DEB92 /* UIProgressView+AFNetworking.h */,
				AA572CE81CBE4A74003DEB92 /* UIProgressView+AFNetworking.m */,
				AA572CE91CBE4A74003DEB92 /* UIRefreshControl+AFNetworking.h */,
				AA572CEA1CBE4A74003DEB92 /* UIRefreshControl+AFNetworking.m */,
				AA572CEB1CBE4A74003DEB92 /* UIWebView+AFNetworking.h */,
				AA572CEC1CBE4A74003DEB92 /* UIWebView+AFNetworking.m */,
			);
			path = "UIKit+AFNetworking";
			sourceTree = "<group>";
		};
		AA8380C31CD30C6E00FB52A9 /* SDAutoLayout */ = {
			isa = PBXGroup;
			children = (
				AA8380C41CD30C6E00FB52A9 /* UITableView+SDAutoTableViewCellHeight.h */,
				AA8380C51CD30C6E00FB52A9 /* UITableView+SDAutoTableViewCellHeight.m */,
				AA8380C61CD30C6E00FB52A9 /* UIView+SDAutoLayout.h */,
				AA8380C71CD30C6E00FB52A9 /* UIView+SDAutoLayout.m */,
			);
			path = SDAutoLayout;
			sourceTree = "<group>";
		};
		AAC85A671C9FEAA0009AC584 = {
			isa = PBXGroup;
			children = (
				AAC85A721C9FEAA0009AC584 /* git_测试 */,
				AAC85A711C9FEAA0009AC584 /* Products */,
			);
			sourceTree = "<group>";
		};
		AAC85A711C9FEAA0009AC584 /* Products */ = {
			isa = PBXGroup;
			children = (
				AAC85A701C9FEAA0009AC584 /* git_测试.app */,
			);
			name = Products;
			sourceTree = "<group>";
		};
		AAC85A721C9FEAA0009AC584 /* git_测试 */ = {
			isa = PBXGroup;
			children = (
				AAB338D51D34D2E200C2B392 /* 猫猫和狗.jpg */,
				AA52D1711CEDC396009474C1 /* NSString+pinyin.h */,
				AA52D1721CEDC396009474C1 /* NSString+pinyin.m */,
				AA52D16E1CED9BE2009474C1 /* ChineseToPinyin.h */,
				AA52D16F1CED9BE2009474C1 /* ChineseToPinyin.m */,
				AA16B3E21CDB3D3F00B70BCC /* Cagrory */,
				AA8380C31CD30C6E00FB52A9 /* SDAutoLayout */,
				AA572CC71CBE4A73003DEB92 /* AFNetworking */,
				AA1909D41CAE7FF9009B5DD9 /* SVProgressHUD */,
				AAFCA7AC1CBFA16B00F3F8BE /* View */,
				AAC85A761C9FEAA0009AC584 /* AppDelegate.h */,
				AAC85A771C9FEAA0009AC584 /* AppDelegate.m */,
				AAC85A791C9FEAA0009AC584 /* ViewController.h */,
				AA1909D11CAE6414009B5DD9 /* ViewController.m */,
				AA572CC11CBE4228003DEB92 /* MainTableViewController.h */,
				AA572CC21CBE4228003DEB92 /* MainTableViewController.m */,
				AA572CC41CBE426C003DEB92 /* MainTabBarController.h */,
				AA572CC51CBE426C003DEB92 /* MainTabBarController.m */,
				AA572CFE1CBE4BFE003DEB92 /* MyTabBarBtn.h */,
				AA572CFF1CBE4BFE003DEB92 /* MyTabBarBtn.m */,
				AA572D011CBE4ED8003DEB92 /* AViewController.h */,
				AA572D021CBE4ED8003DEB92 /* AViewController.m */,
				AAFCA7871CBF7B9F00F3F8BE /* ACollectionViewCell.h */,
				AAFCA7881CBF7B9F00F3F8BE /* ACollectionViewCell.m */,
				AA572D041CBE4EE4003DEB92 /* BViewController.h */,
				AA572D051CBE4EE4003DEB92 /* BViewController.m */,
				AA8380C01CD30BC800FB52A9 /* BTableViewCell.h */,
				AA8380C11CD30BC800FB52A9 /* BTableViewCell.m */,
				AAFCA78A1CBF871900F3F8BE /* BViewController.xib */,
				AA2DB7C71CD9ED7A00BE48F4 /* CViewController.h */,
				AA2DB7C81CD9ED7A00BE48F4 /* CViewController.m */,
				AA16B3F31CDB431200B70BCC /* CTableViewCell.h */,
				AA16B3F41CDB431200B70BCC /* CTableViewCell.m */,
				AA72B4261D06D75D00DDD5E8 /* SliderViewController.h */,
				AA72B4271D06D75D00DDD5E8 /* SliderViewController.m */,
				AACFC9C61CE0662800E9850B /* DViewController.h */,
				AACFC9C71CE0662800E9850B /* DViewController.m */,
				AACFC9C91CE06C1600E9850B /* DTableViewCell.h */,
				AACFC9CA1CE06C1600E9850B /* DTableViewCell.m */,
				AACFC9CB1CE06C1600E9850B /* DTableViewCell.xib */,
				AA52D16B1CED67C9009474C1 /* FriendsListViewController.h */,
				AA52D16C1CED67C9009474C1 /* FriendsListViewController.m */,
				AA68F7071CEEA95100DF9329 /* SearchTableViewController.h */,
				AA68F7081CEEA95100DF9329 /* SearchTableViewController.m */,
				AA4247C41CFD9236003D76CC /* MessagingViewController.h */,
				AA4247C51CFD9236003D76CC /* MessagingViewController.m */,
				AA4247CB1CFDA267003D76CC /* MessagingCell.h */,
				AA4247CC1CFDA267003D76CC /* MessagingCell.m */,
				AA1909D31CAE7568009B5DD9 /* model */,
				AAC85A7C1C9FEAA0009AC584 /* Main.storyboard */,
				AAC85A7F1C9FEAA0009AC584 /* Assets.xcassets */,
				AAC85A811C9FEAA0009AC584 /* LaunchScreen.storyboard */,
				AAC85A841C9FEAA0009AC584 /* Info.plist */,
				AAC85A731C9FEAA0009AC584 /* Supporting Files */,
			);
			path = "git_测试";
			sourceTree = "<group>";
		};
		AAC85A731C9FEAA0009AC584 /* Supporting Files */ = {
			isa = PBXGroup;
			children = (
				AAC85A741C9FEAA0009AC584 /* main.m */,
			);
			name = "Supporting Files";
			sourceTree = "<group>";
		};
		AAFCA7AC1CBFA16B00F3F8BE /* View */ = {
			isa = PBXGroup;
			children = (
				AAFCA7AD1CBFA19D00F3F8BE /* KJScrollView.h */,
				AAFCA7AE1CBFA19D00F3F8BE /* KJScrollView.m */,
				AA0667111CE18E09008C7085 /* KJMenuView.h */,
				AA0667121CE18E09008C7085 /* KJMenuView.m */,
			);
			name = View;
			path = SVProgressHUD;
			sourceTree = "<group>";
		};
/* End PBXGroup section */

/* Begin PBXNativeTarget section */
		AAC85A6F1C9FEAA0009AC584 /* git_测试 */ = {
			isa = PBXNativeTarget;
			buildConfigurationList = AAC85A871C9FEAA0009AC584 /* Build configuration list for PBXNativeTarget "git_测试" */;
			buildPhases = (
				AAC85A6C1C9FEAA0009AC584 /* Sources */,
				AAC85A6D1C9FEAA0009AC584 /* Frameworks */,
				AAC85A6E1C9FEAA0009AC584 /* Resources */,
			);
			buildRules = (
			);
			dependencies = (
			);
			name = "git_测试";
			productName = "git_测试";
			productReference = AAC85A701C9FEAA0009AC584 /* git_测试.app */;
			productType = "com.apple.product-type.application";
		};
/* End PBXNativeTarget section */

/* Begin PBXProject section */
		AAC85A681C9FEAA0009AC584 /* Project object */ = {
			isa = PBXProject;
			attributes = {
				LastUpgradeCheck = 0720;
				ORGANIZATIONNAME = "马红涛";
				TargetAttributes = {
					AAC85A6F1C9FEAA0009AC584 = {
						CreatedOnToolsVersion = 7.2;
					};
				};
			};
			buildConfigurationList = AAC85A6B1C9FEAA0009AC584 /* Build configuration list for PBXProject "git_测试" */;
			compatibilityVersion = "Xcode 3.2";
			developmentRegion = English;
			hasScannedForEncodings = 0;
			knownRegions = (
				en,
				Base,
			);
			mainGroup = AAC85A671C9FEAA0009AC584;
			productRefGroup = AAC85A711C9FEAA0009AC584 /* Products */;
			projectDirPath = "";
			projectRoot = "";
			targets = (
				AAC85A6F1C9FEAA0009AC584 /* git_测试 */,
			);
		};
/* End PBXProject section */

/* Begin PBXResourcesBuildPhase section */
		AAC85A6E1C9FEAA0009AC584 /* Resources */ = {
			isa = PBXResourcesBuildPhase;
			buildActionMask = 2147483647;
			files = (
				AAB338D61D34D2E200C2B392 /* 猫猫和狗.jpg in Resources */,
				AACFC9CD1CE06C1600E9850B /* DTableViewCell.xib in Resources */,
				AAC85A831C9FEAA0009AC584 /* LaunchScreen.storyboard in Resources */,
				AAC85A801C9FEAA0009AC584 /* Assets.xcassets in Resources */,
				AAC85A7E1C9FEAA0009AC584 /* Main.storyboard in Resources */,
				AA1909DE1CAE7FF9009B5DD9 /* SVProgressHUD.bundle in Resources */,
				AAFCA78B1CBF871900F3F8BE /* BViewController.xib in Resources */,
				AA572CF31CBE4A74003DEB92 /* LICENSE in Resources */,
			);
			runOnlyForDeploymentPostprocessing = 0;
		};
/* End PBXResourcesBuildPhase section */

/* Begin PBXSourcesBuildPhase section */
		AAC85A6C1C9FEAA0009AC584 /* Sources */ = {
			isa = PBXSourcesBuildPhase;
			buildActionMask = 2147483647;
			files = (
				AA572CC31CBE4228003DEB92 /* MainTableViewController.m in Sources */,
				AA572CFA1CBE4A74003DEB92 /* UIImageView+AFNetworking.m in Sources */,
				AA8380C91CD30C6E00FB52A9 /* UIView+SDAutoLayout.m in Sources */,
				AA68F7091CEEA95100DF9329 /* SearchTableViewController.m in Sources */,
				AA572CFC1CBE4A74003DEB92 /* UIRefreshControl+AFNetworking.m in Sources */,
				AA1909D21CAE6414009B5DD9 /* ViewController.m in Sources */,
				AA1909E01CAE7FF9009B5DD9 /* SVRadialGradientLayer.m in Sources */,
				AA572CFD1CBE4A74003DEB92 /* UIWebView+AFNetworking.m in Sources */,
				AA572CF61CBE4A74003DEB92 /* AFImageDownloader.m in Sources */,
				AA2DB7C91CD9ED7A00BE48F4 /* CViewController.m in Sources */,
				AA572CED1CBE4A74003DEB92 /* AFHTTPSessionManager.m in Sources */,
				AA572CF11CBE4A74003DEB92 /* AFURLResponseSerialization.m in Sources */,
				AA4247C61CFD9236003D76CC /* MessagingViewController.m in Sources */,
				AACFC9C81CE0662800E9850B /* DViewController.m in Sources */,
				AA52D16D1CED67C9009474C1 /* FriendsListViewController.m in Sources */,
				AA16B3E11CDB360300B70BCC /* KJPerSon.m in Sources */,
				AA16B3F81CDB489900B70BCC /* OrderModel.m in Sources */,
				AA72B4281D06D75D00DDD5E8 /* SliderViewController.m in Sources */,
				AA572CF81CBE4A74003DEB92 /* UIActivityIndicatorView+AFNetworking.m in Sources */,
				AA16B3F21CDB3F2200B70BCC /* NSLayoutConstraint+PureLayout.m in Sources */,
				AACFC9D01CE0768B00E9850B /* TransactionRecordsModel.m in Sources */,
				AA8380C81CD30C6E00FB52A9 /* UITableView+SDAutoTableViewCellHeight.m in Sources */,
				AA572CF51CBE4A74003DEB92 /* AFAutoPurgingImageCache.m in Sources */,
				AA572CF71CBE4A74003DEB92 /* AFNetworkActivityIndicatorManager.m in Sources */,
				AA0667131CE18E09008C7085 /* KJMenuView.m in Sources */,
				AA16B3E51CDB3D5E00B70BCC /* UIScrollView+VGParallaxHeader.m in Sources */,
				AA4247CA1CFDA041003D76CC /* NSObject+TimeString.m in Sources */,
				AA52D1701CED9BE2009474C1 /* ChineseToPinyin.m in Sources */,
				AACFC9CC1CE06C1600E9850B /* DTableViewCell.m in Sources */,
				AA572CFB1CBE4A74003DEB92 /* UIProgressView+AFNetworking.m in Sources */,
				AA4247CD1CFDA267003D76CC /* MessagingCell.m in Sources */,
				AA572CF41CBE4A74003DEB92 /* README.md in Sources */,
				AA572CF91CBE4A74003DEB92 /* UIButton+AFNetworking.m in Sources */,
				AA572CEE1CBE4A74003DEB92 /* AFNetworkReachabilityManager.m in Sources */,
				AA8380C21CD30BC800FB52A9 /* BTableViewCell.m in Sources */,
				AADB2D541CFEC02A0021F080 /* MessagingModel.m in Sources */,
				AAFCA7891CBF7B9F00F3F8BE /* ACollectionViewCell.m in Sources */,
				AA16B3F51CDB431200B70BCC /* CTableViewCell.m in Sources */,
				AAC85A781C9FEAA0009AC584 /* AppDelegate.m in Sources */,
				AA52D1731CEDC396009474C1 /* NSString+pinyin.m in Sources */,
				AA1909DF1CAE7FF9009B5DD9 /* SVProgressHUD.m in Sources */,
				AAC85A751C9FEAA0009AC584 /* main.m in Sources */,
				AA572CF01CBE4A74003DEB92 /* AFURLRequestSerialization.m in Sources */,
				AA572D031CBE4ED8003DEB92 /* AViewController.m in Sources */,
				AA572D001CBE4BFE003DEB92 /* MyTabBarBtn.m in Sources */,
				AA572D061CBE4EE4003DEB92 /* BViewController.m in Sources */,
				AA572CC61CBE426C003DEB92 /* MainTabBarController.m in Sources */,
				AA16B3F11CDB3F2200B70BCC /* NSArray+PureLayout.m in Sources */,
				AA16B3F01CDB3F2200B70BCC /* ALView+PureLayout.m in Sources */,
				AA1909DD1CAE7FF9009B5DD9 /* SVIndefiniteAnimatedView.m in Sources */,
				AA572CEF1CBE4A74003DEB92 /* AFSecurityPolicy.m in Sources */,
				AAFCA7AF1CBFA19D00F3F8BE /* KJScrollView.m in Sources */,
				AA572CF21CBE4A74003DEB92 /* AFURLSessionManager.m in Sources */,
			);
			runOnlyForDeploymentPostprocessing = 0;
		};
/* End PBXSourcesBuildPhase section */

/* Begin PBXVariantGroup section */
		AAC85A7C1C9FEAA0009AC584 /* Main.storyboard */ = {
			isa = PBXVariantGroup;
			children = (
				AAC85A7D1C9FEAA0009AC584 /* Base */,
			);
			name = Main.storyboard;
			sourceTree = "<group>";
		};
		AAC85A811C9FEAA0009AC584 /* LaunchScreen.storyboard */ = {
			isa = PBXVariantGroup;
			children = (
				AAC85A821C9FEAA0009AC584 /* Base */,
			);
			name = LaunchScreen.storyboard;
			sourceTree = "<group>";
		};
/* End PBXVariantGroup section */

/* Begin XCBuildConfiguration section */
		AAC85A851C9FEAA0009AC584 /* Debug */ = {
			isa = XCBuildConfiguration;
			buildSettings = {
				ALWAYS_SEARCH_USER_PATHS = NO;
				CLANG_CXX_LANGUAGE_STANDARD = "gnu++0x";
				CLANG_CXX_LIBRARY = "libc++";
				CLANG_ENABLE_MODULES = YES;
				CLANG_ENABLE_OBJC_ARC = YES;
				CLANG_WARN_BOOL_CONVERSION = YES;
				CLANG_WARN_CONSTANT_CONVERSION = YES;
				CLANG_WARN_DIRECT_OBJC_ISA_USAGE = YES_ERROR;
				CLANG_WARN_EMPTY_BODY = YES;
				CLANG_WARN_ENUM_CONVERSION = YES;
				CLANG_WARN_INT_CONVERSION = YES;
				CLANG_WARN_OBJC_ROOT_CLASS = YES_ERROR;
				CLANG_WARN_UNREACHABLE_CODE = YES;
				CLANG_WARN__DUPLICATE_METHOD_MATCH = YES;
				"CODE_SIGN_IDENTITY[sdk=iphoneos*]" = "iPhone Developer";
				COPY_PHASE_STRIP = NO;
				DEBUG_INFORMATION_FORMAT = dwarf;
				ENABLE_STRICT_OBJC_MSGSEND = YES;
				ENABLE_TESTABILITY = YES;
				GCC_C_LANGUAGE_STANDARD = gnu99;
				GCC_DYNAMIC_NO_PIC = NO;
				GCC_NO_COMMON_BLOCKS = YES;
				GCC_OPTIMIZATION_LEVEL = 0;
				GCC_PREPROCESSOR_DEFINITIONS = (
					"DEBUG=1",
					"$(inherited)",
				);
				GCC_WARN_64_TO_32_BIT_CONVERSION = YES;
				GCC_WARN_ABOUT_RETURN_TYPE = YES_ERROR;
				GCC_WARN_UNDECLARED_SELECTOR = YES;
				GCC_WARN_UNINITIALIZED_AUTOS = YES_AGGRESSIVE;
				GCC_WARN_UNUSED_FUNCTION = YES;
				GCC_WARN_UNUSED_VARIABLE = YES;
				IPHONEOS_DEPLOYMENT_TARGET = 9.2;
				MTL_ENABLE_DEBUG_INFO = YES;
				ONLY_ACTIVE_ARCH = YES;
				SDKROOT = iphoneos;
			};
			name = Debug;
		};
		AAC85A861C9FEAA0009AC584 /* Release */ = {
			isa = XCBuildConfiguration;
			buildSettings = {
				ALWAYS_SEARCH_USER_PATHS = NO;
				CLANG_CXX_LANGUAGE_STANDARD = "gnu++0x";
				CLANG_CXX_LIBRARY = "libc++";
				CLANG_ENABLE_MODULES = YES;
				CLANG_ENABLE_OBJC_ARC = YES;
				CLANG_WARN_BOOL_CONVERSION = YES;
				CLANG_WARN_CONSTANT_CONVERSION = YES;
				CLANG_WARN_DIRECT_OBJC_ISA_USAGE = YES_ERROR;
				CLANG_WARN_EMPTY_BODY = YES;
				CLANG_WARN_ENUM_CONVERSION = YES;
				CLANG_WARN_INT_CONVERSION = YES;
				CLANG_WARN_OBJC_ROOT_CLASS = YES_ERROR;
				CLANG_WARN_UNREACHABLE_CODE = YES;
				CLANG_WARN__DUPLICATE_METHOD_MATCH = YES;
				"CODE_SIGN_IDENTITY[sdk=iphoneos*]" = "iPhone Developer";
				COPY_PHASE_STRIP = NO;
				DEBUG_INFORMATION_FORMAT = "dwarf-with-dsym";
				ENABLE_NS_ASSERTIONS = NO;
				ENABLE_STRICT_OBJC_MSGSEND = YES;
				GCC_C_LANGUAGE_STANDARD = gnu99;
				GCC_NO_COMMON_BLOCKS = YES;
				GCC_WARN_64_TO_32_BIT_CONVERSION = YES;
				GCC_WARN_ABOUT_RETURN_TYPE = YES_ERROR;
				GCC_WARN_UNDECLARED_SELECTOR = YES;
				GCC_WARN_UNINITIALIZED_AUTOS = YES_AGGRESSIVE;
				GCC_WARN_UNUSED_FUNCTION = YES;
				GCC_WARN_UNUSED_VARIABLE = YES;
				IPHONEOS_DEPLOYMENT_TARGET = 9.2;
				MTL_ENABLE_DEBUG_INFO = NO;
				SDKROOT = iphoneos;
				VALIDATE_PRODUCT = YES;
			};
			name = Release;
		};
		AAC85A881C9FEAA0009AC584 /* Debug */ = {
			isa = XCBuildConfiguration;
			buildSettings = {
				ASSETCATALOG_COMPILER_APPICON_NAME = AppIcon;
				INFOPLIST_FILE = "git_测试/Info.plist";
				IPHONEOS_DEPLOYMENT_TARGET = 8.3;
				LD_RUNPATH_SEARCH_PATHS = "$(inherited) @executable_path/Frameworks";
				PRODUCT_BUNDLE_IDENTIFIER = "mht.git---";
				PRODUCT_NAME = "$(TARGET_NAME)";
			};
			name = Debug;
		};
		AAC85A891C9FEAA0009AC584 /* Release */ = {
			isa = XCBuildConfiguration;
			buildSettings = {
				ASSETCATALOG_COMPILER_APPICON_NAME = AppIcon;
				INFOPLIST_FILE = "git_测试/Info.plist";
				IPHONEOS_DEPLOYMENT_TARGET = 8.3;
				LD_RUNPATH_SEARCH_PATHS = "$(inherited) @executable_path/Frameworks";
				PRODUCT_BUNDLE_IDENTIFIER = "mht.git---";
				PRODUCT_NAME = "$(TARGET_NAME)";
			};
			name = Release;
		};
/* End XCBuildConfiguration section */

/* Begin XCConfigurationList section */
		AAC85A6B1C9FEAA0009AC584 /* Build configuration list for PBXProject "git_测试" */ = {
			isa = XCConfigurationList;
			buildConfigurations = (
				AAC85A851C9FEAA0009AC584 /* Debug */,
				AAC85A861C9FEAA0009AC584 /* Release */,
			);
			defaultConfigurationIsVisible = 0;
			defaultConfigurationName = Release;
		};
		AAC85A871C9FEAA0009AC584 /* Build configuration list for PBXNativeTarget "git_测试" */ = {
			isa = XCConfigurationList;
			buildConfigurations = (
				AAC85A881C9FEAA0009AC584 /* Debug */,
				AAC85A891C9FEAA0009AC584 /* Release */,
			);
			defaultConfigurationIsVisible = 0;
			defaultConfigurationName = Release;
		};
/* End XCConfigurationList section */
	};
	rootObject = AAC85A681C9FEAA0009AC584 /* Project object */;
}
